
Microsoft Visual Studio Solution File, Format Version 12.00
# Visual Studio Version 17
VisualStudioVersion = 17.14.36221.1 d17.14
MinimumVisualStudioVersion = 10.0.40219.1
Project("{FAE04EC0-301F-11D3-BF4B-00C04F79EFBC}") = "Evaluacion", "Evaluacion\Evaluacion.csproj", "{EC21E0B3-F3CA-4A36-87B1-F91C054ABF36}"
EndProject
Global
	GlobalSection(SolutionConfigurationPlatforms) = preSolution
		Debug|Any CPU = Debug|Any CPU
		Release|Any CPU = Release|Any CPU
	EndGlobalSection
	GlobalSection(ProjectConfigurationPlatforms) = postSolution
		{EC21E0B3-F3CA-4A36-87B1-F91C054ABF36}.Debug|Any CPU.ActiveCfg = Debug|Any CPU
		{EC21E0B3-F3CA-4A36-87B1-F91C054ABF36}.Debug|Any CPU.Build.0 = Debug|Any CPU
		{EC21E0B3-F3CA-4A36-87B1-F91C054ABF36}.Release|Any CPU.ActiveCfg = Release|Any CPU
		{EC21E0B3-F3CA-4A36-87B1-F91C054ABF36}.Release|Any CPU.Build.0 = Release|Any CPU
	EndGlobalSection
	GlobalSection(SolutionProperties) = preSolution
		HideSolutionNode = FALSE
	EndGlobalSection
	GlobalSection(ExtensibilityGlobals) = postSolution
		SolutionGuid = {EC12BD52-6E01-46AE-8DAE-1D0AD3896BC9}
	EndGlobalSection
EndGlobal
